
Microsoft Visual Studio Solution File, Format Version 12.00
# Visual Studio Version 16
VisualStudioVersion = 16.0.31410.357
MinimumVisualStudioVersion = 10.0.40219.1
Project("{FAE04EC0-301F-11D3-BF4B-00C04F79EFBC}") = "Prototyp", "Prototyp\Prototyp.csproj", "{37A735A2-3B04-4884-83C9-47DA11CB74FB}"
EndProject
Global
	GlobalSection(SolutionConfigurationPlatforms) = preSolution
		Debug|Any CPU = Debug|Any CPU
		Release|Any CPU = Release|Any CPU
	EndGlobalSection
	GlobalSection(ProjectConfigurationPlatforms) = postSolution
		{37A735A2-3B04-4884-83C9-47DA11CB74FB}.Debug|Any CPU.ActiveCfg = Debug|Any CPU
		{37A735A2-3B04-4884-83C9-47DA11CB74FB}.Debug|Any CPU.Build.0 = Debug|Any CPU
		{37A735A2-3B04-4884-83C9-47DA11CB74FB}.Release|Any CPU.ActiveCfg = Release|Any CPU
		{37A735A2-3B04-4884-83C9-47DA11CB74FB}.Release|Any CPU.Build.0 = Release|Any CPU
	EndGlobalSection
	GlobalSection(SolutionProperties) = preSolution
		HideSolutionNode = FALSE
	EndGlobalSection
	GlobalSection(ExtensibilityGlobals) = postSolution
		SolutionGuid = {57D12AAD-A669-494F-8636-16F9C1AACAB3}
	EndGlobalSection
EndGlobal
